
Microsoft Visual Studio Solution File, Format Version 12.00
# Visual Studio Version 16
VisualStudioVersion = 16.0.30517.126
MinimumVisualStudioVersion = 10.0.40219.1
Project("{FAE04EC0-301F-11D3-BF4B-00C04F79EFBC}") = "Activity1Integ", "Activity1Integ\Activity1Integ.csproj", "{6E13740C-ABD2-4592-AA95-EDCCF49D5533}"
EndProject
Global
	GlobalSection(SolutionConfigurationPlatforms) = preSolution
		Debug|Any CPU = Debug|Any CPU
		Release|Any CPU = Release|Any CPU
	EndGlobalSection
	GlobalSection(ProjectConfigurationPlatforms) = postSolution
		{6E13740C-ABD2-4592-AA95-EDCCF49D5533}.Debug|Any CPU.ActiveCfg = Debug|Any CPU
		{6E13740C-ABD2-4592-AA95-EDCCF49D5533}.Debug|Any CPU.Build.0 = Debug|Any CPU
		{6E13740C-ABD2-4592-AA95-EDCCF49D5533}.Release|Any CPU.ActiveCfg = Release|Any CPU
		{6E13740C-ABD2-4592-AA95-EDCCF49D5533}.Release|Any CPU.Build.0 = Release|Any CPU
	EndGlobalSection
	GlobalSection(SolutionProperties) = preSolution
		HideSolutionNode = FALSE
	EndGlobalSection
	GlobalSection(ExtensibilityGlobals) = postSolution
		SolutionGuid = {A01FCDDD-E458-4DA7-AD8F-675C0F04250A}
	EndGlobalSection
EndGlobal
